
Microsoft Visual Studio Solution File, Format Version 12.00
# Visual Studio Version 17
VisualStudioVersion = 17.14.37628.2
MinimumVisualStudioVersion = 10.0.40219.1
Project("{FAE04EC0-301F-11D3-BF4B-00C04F79EFBC}") = "FridgeChef", "FridgeChef\FridgeChef.csproj", "{7D8225C5-23AF-48E0-A52C-2E64ECAD4090}"
EndProject
Project("{FAE04EC0-301F-11D3-BF4B-00C04F79EFBC}") = "FridgeChef.Tests", "FridgeChef.Tests\FridgeChef.Tests.csproj", "{833C1734-2B7E-4E6A-8FC8-9839703718B6}"
EndProject
Global
	GlobalSection(SolutionConfigurationPlatforms) = preSolution
		Debug|Any CPU = Debug|Any CPU
		Release|Any CPU = Release|Any CPU
	EndGlobalSection
	GlobalSection(ProjectConfigurationPlatforms) = postSolution
		{7D8225C5-23AF-48E0-A52C-2E64ECAD4090}.Debug|Any CPU.ActiveCfg = Debug|Any CPU
		{7D8225C5-23AF-48E0-A52C-2E64ECAD4090}.Debug|Any CPU.Build.0 = Debug|Any CPU
		{7D8225C5-23AF-48E0-A52C-2E64ECAD4090}.Release|Any CPU.ActiveCfg = Release|Any CPU
		{7D8225C5-23AF-48E0-A52C-2E64ECAD4090}.Release|Any CPU.Build.0 = Release|Any CPU
		{833C1734-2B7E-4E6A-8FC8-9839703718B6}.Debug|Any CPU.ActiveCfg = Debug|Any CPU
		{833C1734-2B7E-4E6A-8FC8-9839703718B6}.Debug|Any CPU.Build.0 = Debug|Any CPU
		{833C1734-2B7E-4E6A-8FC8-9839703718B6}.Release|Any CPU.ActiveCfg = Release|Any CPU
		{833C1734-2B7E-4E6A-8FC8-9839703718B6}.Release|Any CPU.Build.0 = Release|Any CPU
	EndGlobalSection
	GlobalSection(SolutionProperties) = preSolution
		HideSolutionNode = FALSE
	EndGlobalSection
	GlobalSection(ExtensibilityGlobals) = postSolution
		SolutionGuid = {F9A75EC3-2E72-4901-927D-1FDE6095138A}
	EndGlobalSection
EndGlobal
